
Microsoft Visual Studio Solution File, Format Version 12.00
# Visual Studio Version 17
VisualStudioVersion = 17.11.35312.102
MinimumVisualStudioVersion = 10.0.40219.1
Project("{FAE04EC0-301F-11D3-BF4B-00C04F79EFBC}") = "01_MainSubjects", "01_MainSubjects\01_MainSubjects.csproj", "{E44194B9-B6F6-4328-BF9E-B9BF4D21477C}"
EndProject
Project("{FAE04EC0-301F-11D3-BF4B-00C04F79EFBC}") = "02_Variables", "02_Variables\02_Variables.csproj", "{3937282E-D02C-49D3-BCD1-9DC26798E066}"
EndProject
Global
	GlobalSection(SolutionConfigurationPlatforms) = preSolution
		Debug|Any CPU = Debug|Any CPU
		Release|Any CPU = Release|Any CPU
	EndGlobalSection
	GlobalSection(ProjectConfigurationPlatforms) = postSolution
		{E44194B9-B6F6-4328-BF9E-B9BF4D21477C}.Debug|Any CPU.ActiveCfg = Debug|Any CPU
		{E44194B9-B6F6-4328-BF9E-B9BF4D21477C}.Debug|Any CPU.Build.0 = Debug|Any CPU
		{E44194B9-B6F6-4328-BF9E-B9BF4D21477C}.Release|Any CPU.ActiveCfg = Release|Any CPU
		{E44194B9-B6F6-4328-BF9E-B9BF4D21477C}.Release|Any CPU.Build.0 = Release|Any CPU
		{3937282E-D02C-49D3-BCD1-9DC26798E066}.Debug|Any CPU.ActiveCfg = Debug|Any CPU
		{3937282E-D02C-49D3-BCD1-9DC26798E066}.Debug|Any CPU.Build.0 = Debug|Any CPU
		{3937282E-D02C-49D3-BCD1-9DC26798E066}.Release|Any CPU.ActiveCfg = Release|Any CPU
		{3937282E-D02C-49D3-BCD1-9DC26798E066}.Release|Any CPU.Build.0 = Release|Any CPU
	EndGlobalSection
	GlobalSection(SolutionProperties) = preSolution
		HideSolutionNode = FALSE
	EndGlobalSection
	GlobalSection(ExtensibilityGlobals) = postSolution
		SolutionGuid = {DF6D2A6A-6382-4571-A2F3-64BBE7CE8A46}
	EndGlobalSection
EndGlobal
